
Microsoft Visual Studio Solution File, Format Version 12.00
# Visual Studio Version 16
VisualStudioVersion = 16.0.34729.46
MinimumVisualStudioVersion = 10.0.40219.1
Project("{8BC9CEB8-8B4A-11D0-8D11-00A0C91BC942}") = "6.TypeCasting", "6.TypeCasting\6.TypeCasting.vcxproj", "{EA7175AA-776D-4383-82F8-C0A2ECD81002}"
EndProject
Global
	GlobalSection(SolutionConfigurationPlatforms) = preSolution
		Debug|x64 = Debug|x64
		Debug|x86 = Debug|x86
		Release|x64 = Release|x64
		Release|x86 = Release|x86
	EndGlobalSection
	GlobalSection(ProjectConfigurationPlatforms) = postSolution
		{EA7175AA-776D-4383-82F8-C0A2ECD81002}.Debug|x64.ActiveCfg = Debug|x64
		{EA7175AA-776D-4383-82F8-C0A2ECD81002}.Debug|x64.Build.0 = Debug|x64
		{EA7175AA-776D-4383-82F8-C0A2ECD81002}.Debug|x86.ActiveCfg = Debug|Win32
		{EA7175AA-776D-4383-82F8-C0A2ECD81002}.Debug|x86.Build.0 = Debug|Win32
		{EA7175AA-776D-4383-82F8-C0A2ECD81002}.Release|x64.ActiveCfg = Release|x64
		{EA7175AA-776D-4383-82F8-C0A2ECD81002}.Release|x64.Build.0 = Release|x64
		{EA7175AA-776D-4383-82F8-C0A2ECD81002}.Release|x86.ActiveCfg = Release|Win32
		{EA7175AA-776D-4383-82F8-C0A2ECD81002}.Release|x86.Build.0 = Release|Win32
	EndGlobalSection
	GlobalSection(SolutionProperties) = preSolution
		HideSolutionNode = FALSE
	EndGlobalSection
	GlobalSection(ExtensibilityGlobals) = postSolution
		SolutionGuid = {34DB01D3-464E-4296-BA0E-B1D1C28C4D6B}
	EndGlobalSection
EndGlobal
